// !$*UTF8*$!
{
	archiveVersion = 1;
	classes = {
	};
	objectVersion = 50;
	objects = {

/* Begin PBXBuildFile section */
		CDBCD4DD2521EB0100B6B644 /* zoom_schedulerApp.swift in Sources */ = {isa = PBXBuildFile; fileRef = CDBCD4DC2521EB0100B6B644 /* zoom_schedulerApp.swift */; };
		CDBCD4DF2521EB0100B6B644 /* ContentView.swift in Sources */ = {isa = PBXBuildFile; fileRef = CDBCD4DE2521EB0100B6B644 /* ContentView.swift */; };
		CDBCD4E12521EB0100B6B644 /* PhoneAssets.xcassets in Resources */ = {isa = PBXBuildFile; fileRef = CDBCD4E02521EB0100B6B644 /* PhoneAssets.xcassets */; };
		CDBCD4E42521EB0100B6B644 /* Preview Assets.xcassets in Resources */ = {isa = PBXBuildFile; fileRef = CDBCD4E32521EB0100B6B644 /* Preview Assets.xcassets */; };
		CDBCD4F925221B2900B6B644 /* Meeting.swift in Sources */ = {isa = PBXBuildFile; fileRef = CDBCD4F825221B2900B6B644 /* Meeting.swift */; };
		CDBCD50225226C4000B6B644 /* AppDelegate.swift in Sources */ = {isa = PBXBuildFile; fileRef = CDBCD50125226C4000B6B644 /* AppDelegate.swift */; };
		CDBCD50625226C4300B6B644 /* MacAssets.xcassets in Resources */ = {isa = PBXBuildFile; fileRef = CDBCD50525226C4300B6B644 /* MacAssets.xcassets */; };
		CDBCD50925226C4300B6B644 /* Preview Assets.xcassets in Resources */ = {isa = PBXBuildFile; fileRef = CDBCD50825226C4300B6B644 /* Preview Assets.xcassets */; };
		CDBCD51625226D1500B6B644 /* Meeting.swift in Sources */ = {isa = PBXBuildFile; fileRef = CDBCD4F825221B2900B6B644 /* Meeting.swift */; };
		CDBCD536252270A400B6B644 /* ContentView.swift in Sources */ = {isa = PBXBuildFile; fileRef = CDBCD50325226C4000B6B644 /* ContentView.swift */; };
		CDBCD5542522764900B6B644 /* Menu.storyboard in Resources */ = {isa = PBXBuildFile; fileRef = CDBCD5532522764900B6B644 /* Menu.storyboard */; };
		CDBCD561252282E100B6B644 /* Assets.xcassets in Resources */ = {isa = PBXBuildFile; fileRef = CDBCD560252282E100B6B644 /* Assets.xcassets */; };
		CDBCD562252282E100B6B644 /* Assets.xcassets in Resources */ = {isa = PBXBuildFile; fileRef = CDBCD560252282E100B6B644 /* Assets.xcassets */; };
/* End PBXBuildFile section */

/* Begin PBXFileReference section */
		CDBCD4D92521EB0100B6B644 /* zoom-scheduler.app */ = {isa = PBXFileReference; explicitFileType = wrapper.application; includeInIndex = 0; path = "zoom-scheduler.app"; sourceTree = BUILT_PRODUCTS_DIR; };
		CDBCD4DC2521EB0100B6B644 /* zoom_schedulerApp.swift */ = {isa = PBXFileReference; lastKnownFileType = sourcecode.swift; path = zoom_schedulerApp.swift; sourceTree = "<group>"; };
		CDBCD4DE2521EB0100B6B644 /* ContentView.swift */ = {isa = PBXFileReference; lastKnownFileType = sourcecode.swift; path = ContentView.swift; sourceTree = "<group>"; };
		CDBCD4E02521EB0100B6B644 /* PhoneAssets.xcassets */ = {isa = PBXFileReference; lastKnownFileType = folder.assetcatalog; path = PhoneAssets.xcassets; sourceTree = "<group>"; };
		CDBCD4E32521EB0100B6B644 /* Preview Assets.xcassets */ = {isa = PBXFileReference; lastKnownFileType = folder.assetcatalog; path = "Preview Assets.xcassets"; sourceTree = "<group>"; };
		CDBCD4E52521EB0100B6B644 /* Info.plist */ = {isa = PBXFileReference; lastKnownFileType = text.plist.xml; path = Info.plist; sourceTree = "<group>"; };
		CDBCD4F825221B2900B6B644 /* Meeting.swift */ = {isa = PBXFileReference; lastKnownFileType = sourcecode.swift; path = Meeting.swift; sourceTree = "<group>"; };
		CDBCD4FF25226C4000B6B644 /* zoom-scheduler-mac.app */ = {isa = PBXFileReference; explicitFileType = wrapper.application; includeInIndex = 0; path = "zoom-scheduler-mac.app"; sourceTree = BUILT_PRODUCTS_DIR; };
		CDBCD50125226C4000B6B644 /* AppDelegate.swift */ = {isa = PBXFileReference; lastKnownFileType = sourcecode.swift; path = AppDelegate.swift; sourceTree = "<group>"; };
		CDBCD50325226C4000B6B644 /* ContentView.swift */ = {isa = PBXFileReference; lastKnownFileType = sourcecode.swift; path = ContentView.swift; sourceTree = "<group>"; };
		CDBCD50525226C4300B6B644 /* MacAssets.xcassets */ = {isa = PBXFileReference; lastKnownFileType = folder.assetcatalog; path = MacAssets.xcassets; sourceTree = "<group>"; };
		CDBCD50825226C4300B6B644 /* Preview Assets.xcassets */ = {isa = PBXFileReference; lastKnownFileType = folder.assetcatalog; path = "Preview Assets.xcassets"; sourceTree = "<group>"; };
		CDBCD50D25226C4300B6B644 /* Info.plist */ = {isa = PBXFileReference; lastKnownFileType = text.plist.xml; path = Info.plist; sourceTree = "<group>"; };
		CDBCD50E25226C4300B6B644 /* zoom_scheduler_mac.entitlements */ = {isa = PBXFileReference; lastKnownFileType = text.plist.entitlements; path = zoom_scheduler_mac.entitlements; sourceTree = "<group>"; };
		CDBCD5532522764900B6B644 /* Menu.storyboard */ = {isa = PBXFileReference; fileEncoding = 4; lastKnownFileType = file.storyboard; path = Menu.storyboard; sourceTree = "<group>"; };
		CDBCD560252282E100B6B644 /* Assets.xcassets */ = {isa = PBXFileReference; lastKnownFileType = folder.assetcatalog; path = Assets.xcassets; sourceTree = "<group>"; };
/* End PBXFileReference section */

/* Begin PBXFrameworksBuildPhase section */
		CDBCD4D62521EB0100B6B644 /* Frameworks */ = {
			isa = PBXFrameworksBuildPhase;
			buildActionMask = 2147483647;
			files = (
			);
			runOnlyForDeploymentPostprocessing = 0;
		};
		CDBCD4FC25226C4000B6B644 /* Frameworks */ = {
			isa = PBXFrameworksBuildPhase;
			buildActionMask = 2147483647;
			files = (
			);
			runOnlyForDeploymentPostprocessing = 0;
		};
/* End PBXFrameworksBuildPhase section */

/* Begin PBXGroup section */
		CDBCD4D02521EB0100B6B644 = {
			isa = PBXGroup;
			children = (
				CDBCD55D2522829500B6B644 /* Shared */,
				CDBCD4DB2521EB0100B6B644 /* zoom-scheduler */,
				CDBCD50025226C4000B6B644 /* zoom-scheduler-mac */,
				CDBCD4DA2521EB0100B6B644 /* Products */,
			);
			sourceTree = "<group>";
		};
		CDBCD4DA2521EB0100B6B644 /* Products */ = {
			isa = PBXGroup;
			children = (
				CDBCD4D92521EB0100B6B644 /* zoom-scheduler.app */,
				CDBCD4FF25226C4000B6B644 /* zoom-scheduler-mac.app */,
			);
			name = Products;
			sourceTree = "<group>";
		};
		CDBCD4DB2521EB0100B6B644 /* zoom-scheduler */ = {
			isa = PBXGroup;
			children = (
				CDCC1E4D25230A49004BFC55 /* Sources */,
				CDCC1E4925230A03004BFC55 /* Resources */,
			);
			path = "zoom-scheduler";
			sourceTree = "<group>";
		};
		CDBCD4F525221AE200B6B644 /* Models */ = {
			isa = PBXGroup;
			children = (
				CDBCD4F825221B2900B6B644 /* Meeting.swift */,
			);
			path = Models;
			sourceTree = "<group>";
		};
		CDBCD50025226C4000B6B644 /* zoom-scheduler-mac */ = {
			isa = PBXGroup;
			children = (
				CDCC1E4E25230A55004BFC55 /* Sources */,
				CDCC1E4B25230A2F004BFC55 /* Resources */,
			);
			path = "zoom-scheduler-mac";
			sourceTree = "<group>";
		};
		CDBCD55D2522829500B6B644 /* Shared */ = {
			isa = PBXGroup;
			children = (
				CDBCD55E252282A200B6B644 /* Sources */,
				CDBCD55F252282C300B6B644 /* Resources */,
			);
			path = Shared;
			sourceTree = "<group>";
		};
		CDBCD55E252282A200B6B644 /* Sources */ = {
			isa = PBXGroup;
			children = (
				CDBCD4F525221AE200B6B644 /* Models */,
			);
			path = Sources;
			sourceTree = "<group>";
		};
		CDBCD55F252282C300B6B644 /* Resources */ = {
			isa = PBXGroup;
			children = (
				CDBCD560252282E100B6B644 /* Assets.xcassets */,
			);
			path = Resources;
			sourceTree = "<group>";
		};
		CDCC1E4925230A03004BFC55 /* Resources */ = {
			isa = PBXGroup;
			children = (
				CDCC1E4A25230A16004BFC55 /* Assets */,
			);
			path = Resources;
			sourceTree = "<group>";
		};
		CDCC1E4A25230A16004BFC55 /* Assets */ = {
			isa = PBXGroup;
			children = (
				CDBCD4E32521EB0100B6B644 /* Preview Assets.xcassets */,
				CDBCD4E02521EB0100B6B644 /* PhoneAssets.xcassets */,
			);
			path = Assets;
			sourceTree = "<group>";
		};
		CDCC1E4B25230A2F004BFC55 /* Resources */ = {
			isa = PBXGroup;
			children = (
				CDCC1E4C25230A36004BFC55 /* Assets */,
				CDCC1E5525230BFF004BFC55 /* Storyboards */,
			);
			path = Resources;
			sourceTree = "<group>";
		};
		CDCC1E4C25230A36004BFC55 /* Assets */ = {
			isa = PBXGroup;
			children = (
				CDBCD50825226C4300B6B644 /* Preview Assets.xcassets */,
				CDBCD50525226C4300B6B644 /* MacAssets.xcassets */,
			);
			path = Assets;
			sourceTree = "<group>";
		};
		CDCC1E4D25230A49004BFC55 /* Sources */ = {
			isa = PBXGroup;
			children = (
				CDCC1E5125230ABB004BFC55 /* App */,
				CDCC1E4F25230A6F004BFC55 /* Screens */,
				CDCC1E5325230B34004BFC55 /* Target Support Files */,
			);
			path = Sources;
			sourceTree = "<group>";
		};
		CDCC1E4E25230A55004BFC55 /* Sources */ = {
			isa = PBXGroup;
			children = (
				CDCC1E5225230AC1004BFC55 /* App */,
				CDCC1E5025230A78004BFC55 /* Screens */,
				CDCC1E5425230BA7004BFC55 /* Target Support Files */,
			);
			path = Sources;
			sourceTree = "<group>";
		};
		CDCC1E4F25230A6F004BFC55 /* Screens */ = {
			isa = PBXGroup;
			children = (
				CDBCD4DE2521EB0100B6B644 /* ContentView.swift */,
			);
			path = Screens;
			sourceTree = "<group>";
		};
		CDCC1E5025230A78004BFC55 /* Screens */ = {
			isa = PBXGroup;
			children = (
				CDBCD50325226C4000B6B644 /* ContentView.swift */,
			);
			path = Screens;
			sourceTree = "<group>";
		};
		CDCC1E5125230ABB004BFC55 /* App */ = {
			isa = PBXGroup;
			children = (
				CDBCD4DC2521EB0100B6B644 /* zoom_schedulerApp.swift */,
			);
			path = App;
			sourceTree = "<group>";
		};
		CDCC1E5225230AC1004BFC55 /* App */ = {
			isa = PBXGroup;
			children = (
				CDBCD50125226C4000B6B644 /* AppDelegate.swift */,
			);
			path = App;
			sourceTree = "<group>";
		};
		CDCC1E5325230B34004BFC55 /* Target Support Files */ = {
			isa = PBXGroup;
			children = (
				CDBCD4E52521EB0100B6B644 /* Info.plist */,
			);
			path = "Target Support Files";
			sourceTree = "<group>";
		};
		CDCC1E5425230BA7004BFC55 /* Target Support Files */ = {
			isa = PBXGroup;
			children = (
				CDBCD50D25226C4300B6B644 /* Info.plist */,
				CDBCD50E25226C4300B6B644 /* zoom_scheduler_mac.entitlements */,
			);
			path = "Target Support Files";
			sourceTree = "<group>";
		};
		CDCC1E5525230BFF004BFC55 /* Storyboards */ = {
			isa = PBXGroup;
			children = (
				CDBCD5532522764900B6B644 /* Menu.storyboard */,
			);
			path = Storyboards;
			sourceTree = "<group>";
		};
/* End PBXGroup section */

/* Begin PBXNativeTarget section */
		CDBCD4D82521EB0100B6B644 /* zoom-scheduler */ = {
			isa = PBXNativeTarget;
			buildConfigurationList = CDBCD4E82521EB0100B6B644 /* Build configuration list for PBXNativeTarget "zoom-scheduler" */;
			buildPhases = (
				CDBCD4D52521EB0100B6B644 /* Sources */,
				CDBCD4D62521EB0100B6B644 /* Frameworks */,
				CDBCD4D72521EB0100B6B644 /* Resources */,
			);
			buildRules = (
			);
			dependencies = (
			);
			name = "zoom-scheduler";
			productName = "zoom-scheduler";
			productReference = CDBCD4D92521EB0100B6B644 /* zoom-scheduler.app */;
			productType = "com.apple.product-type.application";
		};
		CDBCD4FE25226C4000B6B644 /* zoom-scheduler-mac */ = {
			isa = PBXNativeTarget;
			buildConfigurationList = CDBCD50F25226C4300B6B644 /* Build configuration list for PBXNativeTarget "zoom-scheduler-mac" */;
			buildPhases = (
				CDBCD4FB25226C4000B6B644 /* Sources */,
				CDBCD4FC25226C4000B6B644 /* Frameworks */,
				CDBCD4FD25226C4000B6B644 /* Resources */,
			);
			buildRules = (
			);
			dependencies = (
			);
			name = "zoom-scheduler-mac";
			productName = "zoom-scheduler-mac";
			productReference = CDBCD4FF25226C4000B6B644 /* zoom-scheduler-mac.app */;
			productType = "com.apple.product-type.application";
		};
/* End PBXNativeTarget section */

/* Begin PBXProject section */
		CDBCD4D12521EB0100B6B644 /* Project object */ = {
			isa = PBXProject;
			attributes = {
				LastSwiftUpdateCheck = 1200;
				LastUpgradeCheck = 1200;
				TargetAttributes = {
					CDBCD4D82521EB0100B6B644 = {
						CreatedOnToolsVersion = 12.0;
					};
					CDBCD4FE25226C4000B6B644 = {
						CreatedOnToolsVersion = 12.0;
					};
				};
			};
			buildConfigurationList = CDBCD4D42521EB0100B6B644 /* Build configuration list for PBXProject "zoom-scheduler" */;
			compatibilityVersion = "Xcode 9.3";
			developmentRegion = en;
			hasScannedForEncodings = 0;
			knownRegions = (
				en,
				Base,
			);
			mainGroup = CDBCD4D02521EB0100B6B644;
			productRefGroup = CDBCD4DA2521EB0100B6B644 /* Products */;
			projectDirPath = "";
			projectRoot = "";
			targets = (
				CDBCD4D82521EB0100B6B644 /* zoom-scheduler */,
				CDBCD4FE25226C4000B6B644 /* zoom-scheduler-mac */,
			);
		};
/* End PBXProject section */

/* Begin PBXResourcesBuildPhase section */
		CDBCD4D72521EB0100B6B644 /* Resources */ = {
			isa = PBXResourcesBuildPhase;
			buildActionMask = 2147483647;
			files = (
				CDBCD4E42521EB0100B6B644 /* Preview Assets.xcassets in Resources */,
				CDBCD561252282E100B6B644 /* Assets.xcassets in Resources */,
				CDBCD4E12521EB0100B6B644 /* PhoneAssets.xcassets in Resources */,
			);
			runOnlyForDeploymentPostprocessing = 0;
		};
		CDBCD4FD25226C4000B6B644 /* Resources */ = {
			isa = PBXResourcesBuildPhase;
			buildActionMask = 2147483647;
			files = (
				CDBCD5542522764900B6B644 /* Menu.storyboard in Resources */,
				CDBCD50925226C4300B6B644 /* Preview Assets.xcassets in Resources */,
				CDBCD562252282E100B6B644 /* Assets.xcassets in Resources */,
				CDBCD50625226C4300B6B644 /* MacAssets.xcassets in Resources */,
			);
			runOnlyForDeploymentPostprocessing = 0;
		};
/* End PBXResourcesBuildPhase section */

/* Begin PBXSourcesBuildPhase section */
		CDBCD4D52521EB0100B6B644 /* Sources */ = {
			isa = PBXSourcesBuildPhase;
			buildActionMask = 2147483647;
			files = (
				CDBCD4DF2521EB0100B6B644 /* ContentView.swift in Sources */,
				CDBCD4F925221B2900B6B644 /* Meeting.swift in Sources */,
				CDBCD4DD2521EB0100B6B644 /* zoom_schedulerApp.swift in Sources */,
			);
			runOnlyForDeploymentPostprocessing = 0;
		};
		CDBCD4FB25226C4000B6B644 /* Sources */ = {
			isa = PBXSourcesBuildPhase;
			buildActionMask = 2147483647;
			files = (
				CDBCD51625226D1500B6B644 /* Meeting.swift in Sources */,
				CDBCD50225226C4000B6B644 /* AppDelegate.swift in Sources */,
				CDBCD536252270A400B6B644 /* ContentView.swift in Sources */,
			);
			runOnlyForDeploymentPostprocessing = 0;
		};
/* End PBXSourcesBuildPhase section */

/* Begin XCBuildConfiguration section */
		CDBCD4E62521EB0100B6B644 /* Debug */ = {
			isa = XCBuildConfiguration;
			buildSettings = {
				ALWAYS_SEARCH_USER_PATHS = NO;
				CLANG_ANALYZER_NONNULL = YES;
				CLANG_ANALYZER_NUMBER_OBJECT_CONVERSION = YES_AGGRESSIVE;
				CLANG_CXX_LANGUAGE_STANDARD = "gnu++14";
				CLANG_CXX_LIBRARY = "libc++";
				CLANG_ENABLE_MODULES = YES;
				CLANG_ENABLE_OBJC_ARC = YES;
				CLANG_ENABLE_OBJC_WEAK = YES;
				CLANG_WARN_BLOCK_CAPTURE_AUTORELEASING = YES;
				CLANG_WARN_BOOL_CONVERSION = YES;
				CLANG_WARN_COMMA = YES;
				CLANG_WARN_CONSTANT_CONVERSION = YES;
				CLANG_WARN_DEPRECATED_OBJC_IMPLEMENTATIONS = YES;
				CLANG_WARN_DIRECT_OBJC_ISA_USAGE = YES_ERROR;
				CLANG_WARN_DOCUMENTATION_COMMENTS = YES;
				CLANG_WARN_EMPTY_BODY = YES;
				CLANG_WARN_ENUM_CONVERSION = YES;
				CLANG_WARN_INFINITE_RECURSION = YES;
				CLANG_WARN_INT_CONVERSION = YES;
				CLANG_WARN_NON_LITERAL_NULL_CONVERSION = YES;
				CLANG_WARN_OBJC_IMPLICIT_RETAIN_SELF = YES;
				CLANG_WARN_OBJC_LITERAL_CONVERSION = YES;
				CLANG_WARN_OBJC_ROOT_CLASS = YES_ERROR;
				CLANG_WARN_QUOTED_INCLUDE_IN_FRAMEWORK_HEADER = YES;
				CLANG_WARN_RANGE_LOOP_ANALYSIS = YES;
				CLANG_WARN_STRICT_PROTOTYPES = YES;
				CLANG_WARN_SUSPICIOUS_MOVE = YES;
				CLANG_WARN_UNGUARDED_AVAILABILITY = YES_AGGRESSIVE;
				CLANG_WARN_UNREACHABLE_CODE = YES;
				CLANG_WARN__DUPLICATE_METHOD_MATCH = YES;
				COPY_PHASE_STRIP = NO;
				DEBUG_INFORMATION_FORMAT = dwarf;
				ENABLE_STRICT_OBJC_MSGSEND = YES;
				ENABLE_TESTABILITY = YES;
				GCC_C_LANGUAGE_STANDARD = gnu11;
				GCC_DYNAMIC_NO_PIC = NO;
				GCC_NO_COMMON_BLOCKS = YES;
				GCC_OPTIMIZATION_LEVEL = 0;
				GCC_PREPROCESSOR_DEFINITIONS = (
					"DEBUG=1",
					"$(inherited)",
				);
				GCC_WARN_64_TO_32_BIT_CONVERSION = YES;
				GCC_WARN_ABOUT_RETURN_TYPE = YES_ERROR;
				GCC_WARN_UNDECLARED_SELECTOR = YES;
				GCC_WARN_UNINITIALIZED_AUTOS = YES_AGGRESSIVE;
				GCC_WARN_UNUSED_FUNCTION = YES;
				GCC_WARN_UNUSED_VARIABLE = YES;
				IPHONEOS_DEPLOYMENT_TARGET = 14.0;
				MTL_ENABLE_DEBUG_INFO = INCLUDE_SOURCE;
				MTL_FAST_MATH = YES;
				ONLY_ACTIVE_ARCH = YES;
				SDKROOT = iphoneos;
				SWIFT_ACTIVE_COMPILATION_CONDITIONS = DEBUG;
				SWIFT_OPTIMIZATION_LEVEL = "-Onone";
			};
			name = Debug;
		};
		CDBCD4E72521EB0100B6B644 /* Release */ = {
			isa = XCBuildConfiguration;
			buildSettings = {
				ALWAYS_SEARCH_USER_PATHS = NO;
				CLANG_ANALYZER_NONNULL = YES;
				CLANG_ANALYZER_NUMBER_OBJECT_CONVERSION = YES_AGGRESSIVE;
				CLANG_CXX_LANGUAGE_STANDARD = "gnu++14";
				CLANG_CXX_LIBRARY = "libc++";
				CLANG_ENABLE_MODULES = YES;
				CLANG_ENABLE_OBJC_ARC = YES;
				CLANG_ENABLE_OBJC_WEAK = YES;
				CLANG_WARN_BLOCK_CAPTURE_AUTORELEASING = YES;
				CLANG_WARN_BOOL_CONVERSION = YES;
				CLANG_WARN_COMMA = YES;
				CLANG_WARN_CONSTANT_CONVERSION = YES;
				CLANG_WARN_DEPRECATED_OBJC_IMPLEMENTATIONS = YES;
				CLANG_WARN_DIRECT_OBJC_ISA_USAGE = YES_ERROR;
				CLANG_WARN_DOCUMENTATION_COMMENTS = YES;
				CLANG_WARN_EMPTY_BODY = YES;
				CLANG_WARN_ENUM_CONVERSION = YES;
				CLANG_WARN_INFINITE_RECURSION = YES;
				CLANG_WARN_INT_CONVERSION = YES;
				CLANG_WARN_NON_LITERAL_NULL_CONVERSION = YES;
				CLANG_WARN_OBJC_IMPLICIT_RETAIN_SELF = YES;
				CLANG_WARN_OBJC_LITERAL_CONVERSION = YES;
				CLANG_WARN_OBJC_ROOT_CLASS = YES_ERROR;
				CLANG_WARN_QUOTED_INCLUDE_IN_FRAMEWORK_HEADER = YES;
				CLANG_WARN_RANGE_LOOP_ANALYSIS = YES;
				CLANG_WARN_STRICT_PROTOTYPES = YES;
				CLANG_WARN_SUSPICIOUS_MOVE = YES;
				CLANG_WARN_UNGUARDED_AVAILABILITY = YES_AGGRESSIVE;
				CLANG_WARN_UNREACHABLE_CODE = YES;
				CLANG_WARN__DUPLICATE_METHOD_MATCH = YES;
				COPY_PHASE_STRIP = NO;
				DEBUG_INFORMATION_FORMAT = "dwarf-with-dsym";
				ENABLE_NS_ASSERTIONS = NO;
				ENABLE_STRICT_OBJC_MSGSEND = YES;
				GCC_C_LANGUAGE_STANDARD = gnu11;
				GCC_NO_COMMON_BLOCKS = YES;
				GCC_WARN_64_TO_32_BIT_CONVERSION = YES;
				GCC_WARN_ABOUT_RETURN_TYPE = YES_ERROR;
				GCC_WARN_UNDECLARED_SELECTOR = YES;
				GCC_WARN_UNINITIALIZED_AUTOS = YES_AGGRESSIVE;
				GCC_WARN_UNUSED_FUNCTION = YES;
				GCC_WARN_UNUSED_VARIABLE = YES;
				IPHONEOS_DEPLOYMENT_TARGET = 14.0;
				MTL_ENABLE_DEBUG_INFO = NO;
				MTL_FAST_MATH = YES;
				SDKROOT = iphoneos;
				SWIFT_COMPILATION_MODE = wholemodule;
				SWIFT_OPTIMIZATION_LEVEL = "-O";
				VALIDATE_PRODUCT = YES;
			};
			name = Release;
		};
		CDBCD4E92521EB0100B6B644 /* Debug */ = {
			isa = XCBuildConfiguration;
			buildSettings = {
				ASSETCATALOG_COMPILER_APPICON_NAME = AppIcon;
				ASSETCATALOG_COMPILER_GLOBAL_ACCENT_COLOR_NAME = AccentColor;
				"CODE_SIGN_IDENTITY[sdk=macosx*]" = "-";
				CODE_SIGN_STYLE = Automatic;
				DEVELOPMENT_ASSET_PATHS = "\"zoom-scheduler/Resources/Assets/Preview Assets.xcassets\"";
				ENABLE_PREVIEWS = YES;
				INFOPLIST_FILE = "zoom-scheduler/Sources/Target Support Files/Info.plist";
				IPHONEOS_DEPLOYMENT_TARGET = 14.0;
				LD_RUNPATH_SEARCH_PATHS = (
					"$(inherited)",
					"@executable_path/Frameworks",
				);
				PRODUCT_BUNDLE_IDENTIFIER = "com.hipolabs.zoom-scheduler";
				PRODUCT_NAME = "$(TARGET_NAME)";
				SUPPORTS_MACCATALYST = NO;
				SWIFT_VERSION = 5.0;
				TARGETED_DEVICE_FAMILY = "1,2";
			};
			name = Debug;
		};
		CDBCD4EA2521EB0100B6B644 /* Release */ = {
			isa = XCBuildConfiguration;
			buildSettings = {
				ASSETCATALOG_COMPILER_APPICON_NAME = AppIcon;
				ASSETCATALOG_COMPILER_GLOBAL_ACCENT_COLOR_NAME = AccentColor;
				"CODE_SIGN_IDENTITY[sdk=macosx*]" = "-";
				CODE_SIGN_STYLE = Automatic;
				DEVELOPMENT_ASSET_PATHS = "\"zoom-scheduler/Resources/Assets/Preview Assets.xcassets\"";
				ENABLE_PREVIEWS = YES;
				INFOPLIST_FILE = "zoom-scheduler/Sources/Target Support Files/Info.plist";
				IPHONEOS_DEPLOYMENT_TARGET = 14.0;
				LD_RUNPATH_SEARCH_PATHS = (
					"$(inherited)",
					"@executable_path/Frameworks",
				);
				PRODUCT_BUNDLE_IDENTIFIER = "com.hipolabs.zoom-scheduler";
				PRODUCT_NAME = "$(TARGET_NAME)";
				SUPPORTS_MACCATALYST = NO;
				SWIFT_VERSION = 5.0;
				TARGETED_DEVICE_FAMILY = "1,2";
			};
			name = Release;
		};
		CDBCD51025226C4300B6B644 /* Debug */ = {
			isa = XCBuildConfiguration;
			buildSettings = {
				ASSETCATALOG_COMPILER_APPICON_NAME = AppIcon;
				ASSETCATALOG_COMPILER_GLOBAL_ACCENT_COLOR_NAME = AccentColor;
				CODE_SIGN_ENTITLEMENTS = "zoom-scheduler-mac/Sources/Target Support Files/zoom_scheduler_mac.entitlements";
				CODE_SIGN_IDENTITY = "-";
				CODE_SIGN_STYLE = Automatic;
				COMBINE_HIDPI_IMAGES = YES;
				DEVELOPMENT_ASSET_PATHS = "\"zoom-scheduler-mac/Resources/Assets/Preview Assets.xcassets\"";
				ENABLE_PREVIEWS = YES;
				INFOPLIST_FILE = "zoom-scheduler-mac/Sources/Target Support Files/Info.plist";
				LD_RUNPATH_SEARCH_PATHS = (
					"$(inherited)",
					"@executable_path/../Frameworks",
				);
				MACOSX_DEPLOYMENT_TARGET = 10.15;
				PRODUCT_BUNDLE_IDENTIFIER = "com.hipolabs.zoom-scheduler-mac";
				PRODUCT_NAME = "$(TARGET_NAME)";
				SDKROOT = macosx;
				SWIFT_VERSION = 5.0;
			};
			name = Debug;
		};
		CDBCD51125226C4300B6B644 /* Release */ = {
			isa = XCBuildConfiguration;
			buildSettings = {
				ASSETCATALOG_COMPILER_APPICON_NAME = AppIcon;
				ASSETCATALOG_COMPILER_GLOBAL_ACCENT_COLOR_NAME = AccentColor;
				CODE_SIGN_ENTITLEMENTS = "zoom-scheduler-mac/Sources/Target Support Files/zoom_scheduler_mac.entitlements";
				CODE_SIGN_IDENTITY = "-";
				CODE_SIGN_STYLE = Automatic;
				COMBINE_HIDPI_IMAGES = YES;
				DEVELOPMENT_ASSET_PATHS = "\"zoom-scheduler-mac/Resources/Assets/Preview Assets.xcassets\"";
				ENABLE_PREVIEWS = YES;
				INFOPLIST_FILE = "zoom-scheduler-mac/Sources/Target Support Files/Info.plist";
				LD_RUNPATH_SEARCH_PATHS = (
					"$(inherited)",
					"@executable_path/../Frameworks",
				);
				MACOSX_DEPLOYMENT_TARGET = 10.15;
				PRODUCT_BUNDLE_IDENTIFIER = "com.hipolabs.zoom-scheduler-mac";
				PRODUCT_NAME = "$(TARGET_NAME)";
				SDKROOT = macosx;
				SWIFT_VERSION = 5.0;
			};
			name = Release;
		};
/* End XCBuildConfiguration section */

/* Begin XCConfigurationList section */
		CDBCD4D42521EB0100B6B644 /* Build configuration list for PBXProject "zoom-scheduler" */ = {
			isa = XCConfigurationList;
			buildConfigurations = (
				CDBCD4E62521EB0100B6B644 /* Debug */,
				CDBCD4E72521EB0100B6B644 /* Release */,
			);
			defaultConfigurationIsVisible = 0;
			defaultConfigurationName = Release;
		};
		CDBCD4E82521EB0100B6B644 /* Build configuration list for PBXNativeTarget "zoom-scheduler" */ = {
			isa = XCConfigurationList;
			buildConfigurations = (
				CDBCD4E92521EB0100B6B644 /* Debug */,
				CDBCD4EA2521EB0100B6B644 /* Release */,
			);
			defaultConfigurationIsVisible = 0;
			defaultConfigurationName = Release;
		};
		CDBCD50F25226C4300B6B644 /* Build configuration list for PBXNativeTarget "zoom-scheduler-mac" */ = {
			isa = XCConfigurationList;
			buildConfigurations = (
				CDBCD51025226C4300B6B644 /* Debug */,
				CDBCD51125226C4300B6B644 /* Release */,
			);
			defaultConfigurationIsVisible = 0;
			defaultConfigurationName = Release;
		};
/* End XCConfigurationList section */
	};
	rootObject = CDBCD4D12521EB0100B6B644 /* Project object */;
}
